
Microsoft Visual Studio Solution File, Format Version 12.00
# Visual Studio Version 17
VisualStudioVersion = 17.9.34622.214
MinimumVisualStudioVersion = 10.0.40219.1
Project("{FAE04EC0-301F-11D3-BF4B-00C04F79EFBC}") = "pujcovna_auta", "pujcovna_auta.csproj", "{8FC365C4-BC8F-4F05-BDBC-55149C0399EC}"
EndProject
Global
	GlobalSection(SolutionConfigurationPlatforms) = preSolution
		Debug|Any CPU = Debug|Any CPU
		Release|Any CPU = Release|Any CPU
	EndGlobalSection
	GlobalSection(ProjectConfigurationPlatforms) = postSolution
		{8FC365C4-BC8F-4F05-BDBC-55149C0399EC}.Debug|Any CPU.ActiveCfg = Debug|Any CPU
		{8FC365C4-BC8F-4F05-BDBC-55149C0399EC}.Debug|Any CPU.Build.0 = Debug|Any CPU
		{8FC365C4-BC8F-4F05-BDBC-55149C0399EC}.Release|Any CPU.ActiveCfg = Release|Any CPU
		{8FC365C4-BC8F-4F05-BDBC-55149C0399EC}.Release|Any CPU.Build.0 = Release|Any CPU
	EndGlobalSection
	GlobalSection(SolutionProperties) = preSolution
		HideSolutionNode = FALSE
	EndGlobalSection
	GlobalSection(ExtensibilityGlobals) = postSolution
		SolutionGuid = {46E78AD7-2F29-4C2D-8EB9-EAC5E7E78C8F}
	EndGlobalSection
EndGlobal
